
Microsoft Visual Studio Solution File, Format Version 12.00
# Visual Studio Version 17
VisualStudioVersion = 17.3.32804.467
MinimumVisualStudioVersion = 10.0.40219.1
Project("{FAE04EC0-301F-11D3-BF4B-00C04F79EFBC}") = "TR-MOTOR", "TR-MOTOR\TR-MOTOR.csproj", "{6FBF7707-AB6E-4A51-B4AF-E9344872341D}"
EndProject
Global
	GlobalSection(SolutionConfigurationPlatforms) = preSolution
		Debug|Any CPU = Debug|Any CPU
		Release|Any CPU = Release|Any CPU
	EndGlobalSection
	GlobalSection(ProjectConfigurationPlatforms) = postSolution
		{6FBF7707-AB6E-4A51-B4AF-E9344872341D}.Debug|Any CPU.ActiveCfg = Debug|Any CPU
		{6FBF7707-AB6E-4A51-B4AF-E9344872341D}.Debug|Any CPU.Build.0 = Debug|Any CPU
		{6FBF7707-AB6E-4A51-B4AF-E9344872341D}.Release|Any CPU.ActiveCfg = Release|Any CPU
		{6FBF7707-AB6E-4A51-B4AF-E9344872341D}.Release|Any CPU.Build.0 = Release|Any CPU
	EndGlobalSection
	GlobalSection(SolutionProperties) = preSolution
		HideSolutionNode = FALSE
	EndGlobalSection
	GlobalSection(ExtensibilityGlobals) = postSolution
		SolutionGuid = {D6834180-882B-487A-9429-835313EDC205}
	EndGlobalSection
EndGlobal
